
Microsoft Visual Studio Solution File, Format Version 12.00
# Visual Studio Version 16
VisualStudioVersion = 16.0.31105.61
MinimumVisualStudioVersion = 10.0.40219.1
Project("{FAE04EC0-301F-11D3-BF4B-00C04F79EFBC}") = "Laboratorio2", "Laboratorio2\Laboratorio2.csproj", "{D88EC389-94B3-45E4-BC7F-C658B28054C3}"
EndProject
Global
	GlobalSection(SolutionConfigurationPlatforms) = preSolution
		Debug|Any CPU = Debug|Any CPU
		Release|Any CPU = Release|Any CPU
	EndGlobalSection
	GlobalSection(ProjectConfigurationPlatforms) = postSolution
		{D88EC389-94B3-45E4-BC7F-C658B28054C3}.Debug|Any CPU.ActiveCfg = Debug|Any CPU
		{D88EC389-94B3-45E4-BC7F-C658B28054C3}.Debug|Any CPU.Build.0 = Debug|Any CPU
		{D88EC389-94B3-45E4-BC7F-C658B28054C3}.Release|Any CPU.ActiveCfg = Release|Any CPU
		{D88EC389-94B3-45E4-BC7F-C658B28054C3}.Release|Any CPU.Build.0 = Release|Any CPU
	EndGlobalSection
	GlobalSection(SolutionProperties) = preSolution
		HideSolutionNode = FALSE
	EndGlobalSection
	GlobalSection(ExtensibilityGlobals) = postSolution
		SolutionGuid = {FB5F299F-E531-4DBA-806F-17A56F516781}
	EndGlobalSection
EndGlobal
